{
    "version": 3,
    "terraform_version": "0.8.1",
    "serial": 0,
    "lineage": "cd78b243-54e1-46b6-8c85-2e5dd91c4ed3",
    "modules": [
        {
            "path": [
                "root"
            ],
            "outputs": {},
            "resources": {
                "aws_iam_user.bas-gitlab-deploy-bas-style-kit-docs": {
                    "type": "aws_iam_user",
                    "depends_on": [],
                    "primary": {
                        "id": "bas-gitlab-deploy-bas-style-kit-docs",
                        "attributes": {
                            "arn": "arn:aws:iam::178449599525:user/bas-gitlab-deploy-bas-style-kit-docs",
                            "force_destroy": "false",
                            "id": "bas-gitlab-deploy-bas-style-kit-docs",
                            "name": "bas-gitlab-deploy-bas-style-kit-docs",
                            "path": "/",
                            "unique_id": "AIDAI36MLNXFQT7B73AFO"
                        },
                        "meta": {},
                        "tainted": false
                    },
                    "deposed": [],
                    "provider": ""
                }
            },
            "depends_on": []
        }
    ]
}
