{
    "version": 3,
    "terraform_version": "0.8.1",
    "serial": 1,
    "lineage": "cd78b243-54e1-46b6-8c85-2e5dd91c4ed3",
    "modules": [
        {
            "path": [
                "root"
            ],
            "outputs": {},
            "resources": {
                "aws_iam_user.bas-gitlab-deploy-bas-style-kit-docs": {
                    "type": "aws_iam_user",
                    "depends_on": [],
                    "primary": {
                        "id": "bas-gitlab-deploy-bas-style-kit-docs",
                        "attributes": {
                            "arn": "arn:aws:iam::178449599525:user/bas-gitlab-deploy-bas-style-kit-docs",
                            "force_destroy": "false",
                            "id": "bas-gitlab-deploy-bas-style-kit-docs",
                            "name": "bas-gitlab-deploy-bas-style-kit-docs",
                            "path": "/",
                            "unique_id": "AIDAI36MLNXFQT7B73AFO"
                        },
                        "meta": {},
                        "tainted": false
                    },
                    "deposed": [],
                    "provider": ""
                },
                "aws_iam_user_policy.upload-snapshot-bas-style-kit-docs-stage": {
                    "type": "aws_iam_user_policy",
                    "depends_on": [],
                    "primary": {
                        "id": "bas-gitlab-deploy-bas-style-kit-docs:upload-snapshot",
                        "attributes": {
                            "id": "bas-gitlab-deploy-bas-style-kit-docs:upload-snapshot",
                            "name": "upload-snapshot",
                            "policy": "{\n    \"Version\": \"2012-10-17\",\n    \"Statement\": [\n        {\n            \"Sid\": \"UploadServiceArtefacts\",\n            \"Effect\": \"Allow\",\n            \"Action\": [\n                \"s3:PutObject\"\n            ],\n            \"Resource\": [\n                \"arn:aws:s3:::bas-packages-dev/zips/apps/*\",\n                \"arn:aws:s3:::bas-packages-prod/zips/apps/*\"\n            ]\n        }\n    ]\n}\n",
                            "user": "bas-gitlab-deploy-bas-style-kit-docs"
                        },
                        "meta": {},
                        "tainted": false
                    },
                    "deposed": [],
                    "provider": ""
                }
            },
            "depends_on": []
        }
    ]
}
