{
    "version": 3,
    "terraform_version": "0.11.8",
    "serial": 11,
    "lineage": "b7e53879-7de3-4aa9-8132-3b02d8d2ac1d",
    "modules": [
        {
            "path": [
                "root"
            ],
            "outputs": {},
            "resources": {
                "aws_acm_certificate.bas-style-kit-docs-production": {
                    "type": "aws_acm_certificate",
                    "depends_on": [
                        "aws_s3_bucket.bas-style-kit-docs-production"
                    ],
                    "primary": {
                        "id": "arn:aws:acm:us-east-1:178449599525:certificate/9625af91-f4e4-4ac9-a0dc-b28a650e44d9",
                        "attributes": {
                            "arn": "arn:aws:acm:us-east-1:178449599525:certificate/9625af91-f4e4-4ac9-a0dc-b28a650e44d9",
                            "domain_name": "style-kit.web.bas.ac.uk",
                            "domain_validation_options.#": "1",
                            "domain_validation_options.0.domain_name": "style-kit.web.bas.ac.uk",
                            "domain_validation_options.0.resource_record_name": "_ef8ca67e64fda9d1522a6f6dbb715901.style-kit.web.bas.ac.uk.",
                            "domain_validation_options.0.resource_record_type": "CNAME",
                            "domain_validation_options.0.resource_record_value": "_159090fc227ffc57c717b7a9b90f2a48.acm-validations.aws.",
                            "id": "arn:aws:acm:us-east-1:178449599525:certificate/9625af91-f4e4-4ac9-a0dc-b28a650e44d9",
                            "subject_alternative_names.#": "0",
                            "tags.%": "3",
                            "tags.Name": "style-kit.web.bas.ac.uk",
                            "tags.X-Managed-By": "Terraform",
                            "tags.X-Project": "BAS-Style-Kit",
                            "validation_emails.#": "0",
                            "validation_method": "DNS"
                        },
                        "meta": {},
                        "tainted": false
                    },
                    "deposed": [],
                    "provider": "provider.aws.us-east-1"
                },
                "aws_acm_certificate.bas-style-kit-docs-staging": {
                    "type": "aws_acm_certificate",
                    "depends_on": [
                        "aws_s3_bucket.bas-style-kit-docs-staging"
                    ],
                    "primary": {
                        "id": "arn:aws:acm:us-east-1:178449599525:certificate/9131af27-fa61-4ec8-859e-9f0b322fef41",
                        "attributes": {
                            "arn": "arn:aws:acm:us-east-1:178449599525:certificate/9131af27-fa61-4ec8-859e-9f0b322fef41",
                            "domain_name": "style-kit-testing.web.bas.ac.uk",
                            "domain_validation_options.#": "1",
                            "domain_validation_options.0.domain_name": "style-kit-testing.web.bas.ac.uk",
                            "domain_validation_options.0.resource_record_name": "_54d675a47f7a9eae8a23c2fceb79048e.style-kit-testing.web.bas.ac.uk.",
                            "domain_validation_options.0.resource_record_type": "CNAME",
                            "domain_validation_options.0.resource_record_value": "_494a10b66215e6f851faa9c9bf57c618.acm-validations.aws.",
                            "id": "arn:aws:acm:us-east-1:178449599525:certificate/9131af27-fa61-4ec8-859e-9f0b322fef41",
                            "subject_alternative_names.#": "0",
                            "tags.%": "3",
                            "tags.Name": "style-kit-testing.web.bas.ac.uk",
                            "tags.X-Managed-By": "Terraform",
                            "tags.X-Project": "BAS-Style-Kit",
                            "validation_emails.#": "0",
                            "validation_method": "DNS"
                        },
                        "meta": {},
                        "tainted": false
                    },
                    "deposed": [],
                    "provider": "provider.aws.us-east-1"
                },
                "aws_acm_certificate_validation.bas-style-kit-docs-production": {
                    "type": "aws_acm_certificate_validation",
                    "depends_on": [
                        "aws_acm_certificate.bas-style-kit-docs-production",
                        "aws_route53_record.bas-style-kit-docs-production-cert"
                    ],
                    "primary": {
                        "id": "2018-06-22 16:47:26 +0000 UTC",
                        "attributes": {
                            "certificate_arn": "arn:aws:acm:us-east-1:178449599525:certificate/9625af91-f4e4-4ac9-a0dc-b28a650e44d9",
                            "id": "2018-06-22 16:47:26 +0000 UTC",
                            "validation_record_fqdns.#": "1",
                            "validation_record_fqdns.993552003": "_ef8ca67e64fda9d1522a6f6dbb715901.style-kit.web.bas.ac.uk"
                        },
                        "meta": {
                            "e2bfb730-ecaa-11e6-8f88-34363bc7c4c0": {
                                "create": 2700000000000
                            }
                        },
                        "tainted": false
                    },
                    "deposed": [],
                    "provider": "provider.aws.us-east-1"
                },
                "aws_acm_certificate_validation.bas-style-kit-docs-staging": {
                    "type": "aws_acm_certificate_validation",
                    "depends_on": [
                        "aws_acm_certificate.bas-style-kit-docs-staging",
                        "aws_route53_record.bas-style-kit-docs-staging-cert"
                    ],
                    "primary": {
                        "id": "2018-06-22 16:48:27 +0000 UTC",
                        "attributes": {
                            "certificate_arn": "arn:aws:acm:us-east-1:178449599525:certificate/9131af27-fa61-4ec8-859e-9f0b322fef41",
                            "id": "2018-06-22 16:48:27 +0000 UTC",
                            "validation_record_fqdns.#": "1",
                            "validation_record_fqdns.3740400803": "_54d675a47f7a9eae8a23c2fceb79048e.style-kit-testing.web.bas.ac.uk"
                        },
                        "meta": {
                            "e2bfb730-ecaa-11e6-8f88-34363bc7c4c0": {
                                "create": 2700000000000
                            }
                        },
                        "tainted": false
                    },
                    "deposed": [],
                    "provider": "provider.aws.us-east-1"
                },
                "aws_cloudfront_distribution.bas-style-kit-docs-production": {
                    "type": "aws_cloudfront_distribution",
                    "depends_on": [
                        "aws_acm_certificate_validation.bas-style-kit-docs-production",
                        "aws_s3_bucket.bas-style-kit-docs-production"
                    ],
                    "primary": {
                        "id": "E10U09D0XDFIEG",
                        "attributes": {
                            "active_trusted_signers.%": "2",
                            "active_trusted_signers.enabled": "false",
                            "active_trusted_signers.items.#": "0",
                            "aliases.#": "1",
                            "aliases.532376500": "style-kit.web.bas.ac.uk",
                            "arn": "arn:aws:cloudfront::178449599525:distribution/E10U09D0XDFIEG",
                            "cache_behavior.#": "0",
                            "caller_reference": "2018-02-04T15:51:14.542938388Z",
                            "comment": "BAS Style Kit Docs (Production)",
                            "custom_error_response.#": "0",
                            "default_cache_behavior.#": "1",
                            "default_cache_behavior.258637249.allowed_methods.#": "3",
                            "default_cache_behavior.258637249.allowed_methods.0": "HEAD",
                            "default_cache_behavior.258637249.allowed_methods.1": "GET",
                            "default_cache_behavior.258637249.allowed_methods.2": "OPTIONS",
                            "default_cache_behavior.258637249.cached_methods.#": "2",
                            "default_cache_behavior.258637249.cached_methods.0": "HEAD",
                            "default_cache_behavior.258637249.cached_methods.1": "GET",
                            "default_cache_behavior.258637249.compress": "true",
                            "default_cache_behavior.258637249.default_ttl": "86400",
                            "default_cache_behavior.258637249.field_level_encryption_id": "",
                            "default_cache_behavior.258637249.forwarded_values.#": "1",
                            "default_cache_behavior.258637249.forwarded_values.563318458.cookies.#": "1",
                            "default_cache_behavior.258637249.forwarded_values.563318458.cookies.2625240281.forward": "none",
                            "default_cache_behavior.258637249.forwarded_values.563318458.cookies.2625240281.whitelisted_names.#": "0",
                            "default_cache_behavior.258637249.forwarded_values.563318458.headers.#": "1",
                            "default_cache_behavior.258637249.forwarded_values.563318458.headers.0": "Origin",
                            "default_cache_behavior.258637249.forwarded_values.563318458.query_string": "false",
                            "default_cache_behavior.258637249.forwarded_values.563318458.query_string_cache_keys.#": "0",
                            "default_cache_behavior.258637249.lambda_function_association.#": "0",
                            "default_cache_behavior.258637249.max_ttl": "31536000",
                            "default_cache_behavior.258637249.min_ttl": "0",
                            "default_cache_behavior.258637249.smooth_streaming": "false",
                            "default_cache_behavior.258637249.target_origin_id": "S3_style-kit.web.bas.ac.uk",
                            "default_cache_behavior.258637249.trusted_signers.#": "0",
                            "default_cache_behavior.258637249.viewer_protocol_policy": "redirect-to-https",
                            "default_root_object": "index.html",
                            "domain_name": "d1e16mhqoyrr9.cloudfront.net",
                            "enabled": "true",
                            "etag": "E1GP0CY4PT0HJ1",
                            "hosted_zone_id": "Z2FDTNDATAQYW2",
                            "http_version": "http2",
                            "id": "E10U09D0XDFIEG",
                            "in_progress_validation_batches": "0",
                            "is_ipv6_enabled": "false",
                            "last_modified_time": "2018-06-22 16:47:37.457 +0000 UTC",
                            "logging_config.#": "0",
                            "ordered_cache_behavior.#": "0",
                            "origin.#": "1",
                            "origin.3645286686.custom_header.#": "0",
                            "origin.3645286686.custom_origin_config.#": "1",
                            "origin.3645286686.custom_origin_config.2335875933.http_port": "80",
                            "origin.3645286686.custom_origin_config.2335875933.https_port": "443",
                            "origin.3645286686.custom_origin_config.2335875933.origin_keepalive_timeout": "5",
                            "origin.3645286686.custom_origin_config.2335875933.origin_protocol_policy": "http-only",
                            "origin.3645286686.custom_origin_config.2335875933.origin_read_timeout": "30",
                            "origin.3645286686.custom_origin_config.2335875933.origin_ssl_protocols.#": "1",
                            "origin.3645286686.custom_origin_config.2335875933.origin_ssl_protocols.0": "TLSv1.2",
                            "origin.3645286686.domain_name": "style-kit.web.bas.ac.uk.s3-website-eu-west-1.amazonaws.com",
                            "origin.3645286686.origin_id": "S3_style-kit.web.bas.ac.uk",
                            "origin.3645286686.origin_path": "",
                            "origin.3645286686.s3_origin_config.#": "0",
                            "price_class": "PriceClass_100",
                            "restrictions.#": "1",
                            "restrictions.1097372288.geo_restriction.#": "1",
                            "restrictions.1097372288.geo_restriction.2625240281.locations.#": "0",
                            "restrictions.1097372288.geo_restriction.2625240281.restriction_type": "none",
                            "retain_on_delete": "false",
                            "status": "Deployed",
                            "tags.%": "0",
                            "viewer_certificate.#": "1",
                            "viewer_certificate.3936805829.acm_certificate_arn": "arn:aws:acm:us-east-1:178449599525:certificate/9625af91-f4e4-4ac9-a0dc-b28a650e44d9",
                            "viewer_certificate.3936805829.cloudfront_default_certificate": "false",
                            "viewer_certificate.3936805829.iam_certificate_id": "",
                            "viewer_certificate.3936805829.minimum_protocol_version": "TLSv1.1_2016",
                            "viewer_certificate.3936805829.ssl_support_method": "sni-only",
                            "web_acl_id": ""
                        },
                        "meta": {},
                        "tainted": false
                    },
                    "deposed": [],
                    "provider": "provider.aws"
                },
                "aws_cloudfront_distribution.bas-style-kit-docs-staging": {
                    "type": "aws_cloudfront_distribution",
                    "depends_on": [
                        "aws_acm_certificate_validation.bas-style-kit-docs-staging",
                        "aws_s3_bucket.bas-style-kit-docs-staging"
                    ],
                    "primary": {
                        "id": "EY0SVSOBX4CGV",
                        "attributes": {
                            "active_trusted_signers.%": "2",
                            "active_trusted_signers.enabled": "false",
                            "active_trusted_signers.items.#": "0",
                            "aliases.#": "1",
                            "aliases.3624321699": "style-kit-testing.web.bas.ac.uk",
                            "arn": "arn:aws:cloudfront::178449599525:distribution/EY0SVSOBX4CGV",
                            "cache_behavior.#": "0",
                            "caller_reference": "2018-02-04T15:51:14.542842336Z",
                            "comment": "BAS Style Kit Docs (Staging)",
                            "custom_error_response.#": "0",
                            "default_cache_behavior.#": "1",
                            "default_cache_behavior.2278022059.allowed_methods.#": "3",
                            "default_cache_behavior.2278022059.allowed_methods.0": "HEAD",
                            "default_cache_behavior.2278022059.allowed_methods.1": "GET",
                            "default_cache_behavior.2278022059.allowed_methods.2": "OPTIONS",
                            "default_cache_behavior.2278022059.cached_methods.#": "2",
                            "default_cache_behavior.2278022059.cached_methods.0": "HEAD",
                            "default_cache_behavior.2278022059.cached_methods.1": "GET",
                            "default_cache_behavior.2278022059.compress": "true",
                            "default_cache_behavior.2278022059.default_ttl": "0",
                            "default_cache_behavior.2278022059.field_level_encryption_id": "",
                            "default_cache_behavior.2278022059.forwarded_values.#": "1",
                            "default_cache_behavior.2278022059.forwarded_values.563318458.cookies.#": "1",
                            "default_cache_behavior.2278022059.forwarded_values.563318458.cookies.2625240281.forward": "none",
                            "default_cache_behavior.2278022059.forwarded_values.563318458.cookies.2625240281.whitelisted_names.#": "0",
                            "default_cache_behavior.2278022059.forwarded_values.563318458.headers.#": "1",
                            "default_cache_behavior.2278022059.forwarded_values.563318458.headers.0": "Origin",
                            "default_cache_behavior.2278022059.forwarded_values.563318458.query_string": "false",
                            "default_cache_behavior.2278022059.forwarded_values.563318458.query_string_cache_keys.#": "0",
                            "default_cache_behavior.2278022059.lambda_function_association.#": "0",
                            "default_cache_behavior.2278022059.max_ttl": "31536000",
                            "default_cache_behavior.2278022059.min_ttl": "0",
                            "default_cache_behavior.2278022059.smooth_streaming": "false",
                            "default_cache_behavior.2278022059.target_origin_id": "S3_style-kit-testing.web.bas.ac.uk",
                            "default_cache_behavior.2278022059.trusted_signers.#": "0",
                            "default_cache_behavior.2278022059.viewer_protocol_policy": "redirect-to-https",
                            "default_root_object": "index.html",
                            "domain_name": "dltubuqwt3h2u.cloudfront.net",
                            "enabled": "true",
                            "etag": "E1WMCTX6Y4G28N",
                            "hosted_zone_id": "Z2FDTNDATAQYW2",
                            "http_version": "http2",
                            "id": "EY0SVSOBX4CGV",
                            "in_progress_validation_batches": "0",
                            "is_ipv6_enabled": "false",
                            "last_modified_time": "2018-06-22 16:49:54.987 +0000 UTC",
                            "logging_config.#": "0",
                            "ordered_cache_behavior.#": "0",
                            "origin.#": "1",
                            "origin.1527451538.custom_header.#": "0",
                            "origin.1527451538.custom_origin_config.#": "1",
                            "origin.1527451538.custom_origin_config.2335875933.http_port": "80",
                            "origin.1527451538.custom_origin_config.2335875933.https_port": "443",
                            "origin.1527451538.custom_origin_config.2335875933.origin_keepalive_timeout": "5",
                            "origin.1527451538.custom_origin_config.2335875933.origin_protocol_policy": "http-only",
                            "origin.1527451538.custom_origin_config.2335875933.origin_read_timeout": "30",
                            "origin.1527451538.custom_origin_config.2335875933.origin_ssl_protocols.#": "1",
                            "origin.1527451538.custom_origin_config.2335875933.origin_ssl_protocols.0": "TLSv1.2",
                            "origin.1527451538.domain_name": "style-kit-testing.web.bas.ac.uk.s3-website-eu-west-1.amazonaws.com",
                            "origin.1527451538.origin_id": "S3_style-kit-testing.web.bas.ac.uk",
                            "origin.1527451538.origin_path": "",
                            "origin.1527451538.s3_origin_config.#": "0",
                            "price_class": "PriceClass_100",
                            "restrictions.#": "1",
                            "restrictions.1097372288.geo_restriction.#": "1",
                            "restrictions.1097372288.geo_restriction.2625240281.locations.#": "0",
                            "restrictions.1097372288.geo_restriction.2625240281.restriction_type": "none",
                            "retain_on_delete": "false",
                            "status": "Deployed",
                            "tags.%": "0",
                            "viewer_certificate.#": "1",
                            "viewer_certificate.336056300.acm_certificate_arn": "arn:aws:acm:us-east-1:178449599525:certificate/9131af27-fa61-4ec8-859e-9f0b322fef41",
                            "viewer_certificate.336056300.cloudfront_default_certificate": "false",
                            "viewer_certificate.336056300.iam_certificate_id": "",
                            "viewer_certificate.336056300.minimum_protocol_version": "TLSv1.1_2016",
                            "viewer_certificate.336056300.ssl_support_method": "sni-only",
                            "web_acl_id": ""
                        },
                        "meta": {},
                        "tainted": false
                    },
                    "deposed": [],
                    "provider": "provider.aws"
                },
                "aws_iam_user.bas-gitlab-deploy-bas-style-kit-docs": {
                    "type": "aws_iam_user",
                    "depends_on": [],
                    "primary": {
                        "id": "bas-gitlab-deploy-bas-style-kit-docs",
                        "attributes": {
                            "arn": "arn:aws:iam::178449599525:user/bas-gitlab-deploy-bas-style-kit-docs",
                            "force_destroy": "false",
                            "id": "bas-gitlab-deploy-bas-style-kit-docs",
                            "name": "bas-gitlab-deploy-bas-style-kit-docs",
                            "path": "/",
                            "unique_id": "AIDAIQAUSHAKNRV74RJBG"
                        },
                        "meta": {},
                        "tainted": false
                    },
                    "deposed": [],
                    "provider": "provider.aws"
                },
                "aws_iam_user_policy.bas-bas-style-kit-docs-production-management-policy": {
                    "type": "aws_iam_user_policy",
                    "depends_on": [
                        "aws_iam_user.bas-gitlab-deploy-bas-style-kit-docs"
                    ],
                    "primary": {
                        "id": "bas-gitlab-deploy-bas-style-kit-docs:bas-style-kit-docs-production-management-policy",
                        "attributes": {
                            "id": "bas-gitlab-deploy-bas-style-kit-docs:bas-style-kit-docs-production-management-policy",
                            "name": "bas-style-kit-docs-production-management-policy",
                            "policy": "{\n    \"Version\": \"2012-10-17\",\n    \"Statement\": [\n        {\n            \"Sid\": \"MinimalContinuousDeploymentPermissions\",\n            \"Effect\": \"Allow\",\n            \"Action\": [\n                \"s3:ListBucket\",\n                \"s3:PutObject\",\n                \"s3:DeleteObject\",\n                \"s3:GetObjectAcl\",\n                \"s3:PutObjectAcl\"\n            ],\n            \"Resource\": [\n                \"arn:aws:s3:::style-kit.web.bas.ac.uk\",\n                \"arn:aws:s3:::style-kit.web.bas.ac.uk/*\"\n            ]\n        }\n    ]\n}\n",
                            "user": "bas-gitlab-deploy-bas-style-kit-docs"
                        },
                        "meta": {},
                        "tainted": false
                    },
                    "deposed": [],
                    "provider": "provider.aws"
                },
                "aws_iam_user_policy.bas-packages-service-management-policy": {
                    "type": "aws_iam_user_policy",
                    "depends_on": [
                        "aws_iam_user.bas-gitlab-deploy-bas-style-kit-docs"
                    ],
                    "primary": {
                        "id": "bas-gitlab-deploy-bas-style-kit-docs:bas-packages-service-management-policy",
                        "attributes": {
                            "id": "bas-gitlab-deploy-bas-style-kit-docs:bas-packages-service-management-policy",
                            "name": "bas-packages-service-management-policy",
                            "policy": "{\n    \"Version\": \"2012-10-17\",\n    \"Statement\": [\n        {\n            \"Sid\": \"UploadServiceArtefacts\",\n            \"Effect\": \"Allow\",\n            \"Action\": [\n                \"s3:PutObject\"\n            ],\n            \"Resource\": [\n                \"arn:aws:s3:::packages.data.bas.ac.uk/zips/apps/bas-style-kit-docs/*\"\n            ]\n        }\n    ]\n}\n",
                            "user": "bas-gitlab-deploy-bas-style-kit-docs"
                        },
                        "meta": {},
                        "tainted": false
                    },
                    "deposed": [],
                    "provider": "provider.aws"
                },
                "aws_iam_user_policy.bas-style-kit-docs-staging-management-policy": {
                    "type": "aws_iam_user_policy",
                    "depends_on": [
                        "aws_iam_user.bas-gitlab-deploy-bas-style-kit-docs"
                    ],
                    "primary": {
                        "id": "bas-gitlab-deploy-bas-style-kit-docs:bas-style-kit-docs-staging-management-policy",
                        "attributes": {
                            "id": "bas-gitlab-deploy-bas-style-kit-docs:bas-style-kit-docs-staging-management-policy",
                            "name": "bas-style-kit-docs-staging-management-policy",
                            "policy": "{\n    \"Version\": \"2012-10-17\",\n    \"Statement\": [\n        {\n            \"Sid\": \"MinimalContinuousDeploymentPermissions\",\n            \"Effect\": \"Allow\",\n            \"Action\": [\n                \"s3:ListBucket\",\n                \"s3:PutObject\",\n                \"s3:DeleteObject\",\n                \"s3:GetObjectAcl\",\n                \"s3:PutObjectAcl\"\n            ],\n            \"Resource\": [\n                \"arn:aws:s3:::style-kit-testing.web.bas.ac.uk\",\n                \"arn:aws:s3:::style-kit-testing.web.bas.ac.uk/*\"\n            ]\n        }\n    ]\n}\n",
                            "user": "bas-gitlab-deploy-bas-style-kit-docs"
                        },
                        "meta": {},
                        "tainted": false
                    },
                    "deposed": [],
                    "provider": "provider.aws"
                },
                "aws_route53_record.bas-style-kit-docs-production": {
                    "type": "aws_route53_record",
                    "depends_on": [
                        "aws_cloudfront_distribution.bas-style-kit-docs-production",
                        "data.terraform_remote_state.BAS-CORE-DOMAINS"
                    ],
                    "primary": {
                        "id": "Z2BOR4SSEPWC39_style-kit_CNAME",
                        "attributes": {
                            "allow_overwrite": "true",
                            "fqdn": "style-kit.web.bas.ac.uk",
                            "health_check_id": "",
                            "id": "Z2BOR4SSEPWC39_style-kit_CNAME",
                            "name": "style-kit",
                            "records.#": "1",
                            "records.492519876": "d1e16mhqoyrr9.cloudfront.net",
                            "set_identifier": "",
                            "ttl": "300",
                            "type": "CNAME",
                            "zone_id": "Z2BOR4SSEPWC39"
                        },
                        "meta": {
                            "schema_version": "2"
                        },
                        "tainted": false
                    },
                    "deposed": [],
                    "provider": "provider.aws"
                },
                "aws_route53_record.bas-style-kit-docs-production-cert": {
                    "type": "aws_route53_record",
                    "depends_on": [
                        "aws_acm_certificate.bas-style-kit-docs-production",
                        "data.terraform_remote_state.BAS-CORE-DOMAINS"
                    ],
                    "primary": {
                        "id": "Z2BOR4SSEPWC39__ef8ca67e64fda9d1522a6f6dbb715901.style-kit.web.bas.ac.uk._CNAME",
                        "attributes": {
                            "allow_overwrite": "true",
                            "fqdn": "_ef8ca67e64fda9d1522a6f6dbb715901.style-kit.web.bas.ac.uk",
                            "health_check_id": "",
                            "id": "Z2BOR4SSEPWC39__ef8ca67e64fda9d1522a6f6dbb715901.style-kit.web.bas.ac.uk._CNAME",
                            "name": "_ef8ca67e64fda9d1522a6f6dbb715901.style-kit.web.bas.ac.uk",
                            "records.#": "1",
                            "records.2032559549": "_159090fc227ffc57c717b7a9b90f2a48.acm-validations.aws.",
                            "set_identifier": "",
                            "ttl": "60",
                            "type": "CNAME",
                            "zone_id": "Z2BOR4SSEPWC39"
                        },
                        "meta": {
                            "schema_version": "2"
                        },
                        "tainted": false
                    },
                    "deposed": [],
                    "provider": "provider.aws"
                },
                "aws_route53_record.bas-style-kit-docs-staging": {
                    "type": "aws_route53_record",
                    "depends_on": [
                        "aws_cloudfront_distribution.bas-style-kit-docs-staging",
                        "data.terraform_remote_state.BAS-CORE-DOMAINS"
                    ],
                    "primary": {
                        "id": "Z2BOR4SSEPWC39_style-kit-testing_CNAME",
                        "attributes": {
                            "allow_overwrite": "true",
                            "fqdn": "style-kit-testing.web.bas.ac.uk",
                            "health_check_id": "",
                            "id": "Z2BOR4SSEPWC39_style-kit-testing_CNAME",
                            "name": "style-kit-testing",
                            "records.#": "1",
                            "records.3948021325": "dltubuqwt3h2u.cloudfront.net",
                            "set_identifier": "",
                            "ttl": "300",
                            "type": "CNAME",
                            "zone_id": "Z2BOR4SSEPWC39"
                        },
                        "meta": {
                            "schema_version": "2"
                        },
                        "tainted": false
                    },
                    "deposed": [],
                    "provider": "provider.aws"
                },
                "aws_route53_record.bas-style-kit-docs-staging-cert": {
                    "type": "aws_route53_record",
                    "depends_on": [
                        "aws_acm_certificate.bas-style-kit-docs-staging",
                        "data.terraform_remote_state.BAS-CORE-DOMAINS"
                    ],
                    "primary": {
                        "id": "Z2BOR4SSEPWC39__54d675a47f7a9eae8a23c2fceb79048e.style-kit-testing.web.bas.ac.uk._CNAME",
                        "attributes": {
                            "allow_overwrite": "true",
                            "fqdn": "_54d675a47f7a9eae8a23c2fceb79048e.style-kit-testing.web.bas.ac.uk",
                            "health_check_id": "",
                            "id": "Z2BOR4SSEPWC39__54d675a47f7a9eae8a23c2fceb79048e.style-kit-testing.web.bas.ac.uk._CNAME",
                            "name": "_54d675a47f7a9eae8a23c2fceb79048e.style-kit-testing.web.bas.ac.uk",
                            "records.#": "1",
                            "records.1559429788": "_494a10b66215e6f851faa9c9bf57c618.acm-validations.aws.",
                            "set_identifier": "",
                            "ttl": "60",
                            "type": "CNAME",
                            "zone_id": "Z2BOR4SSEPWC39"
                        },
                        "meta": {
                            "schema_version": "2"
                        },
                        "tainted": false
                    },
                    "deposed": [],
                    "provider": "provider.aws"
                },
                "aws_s3_bucket.bas-style-kit-docs-production": {
                    "type": "aws_s3_bucket",
                    "depends_on": [],
                    "primary": {
                        "id": "style-kit.web.bas.ac.uk",
                        "attributes": {
                            "acceleration_status": "",
                            "acl": "public-read",
                            "arn": "arn:aws:s3:::style-kit.web.bas.ac.uk",
                            "bucket": "style-kit.web.bas.ac.uk",
                            "bucket_domain_name": "style-kit.web.bas.ac.uk.s3.amazonaws.com",
                            "bucket_regional_domain_name": "style-kit.web.bas.ac.uk.s3.eu-west-1.amazonaws.com",
                            "cors_rule.#": "0",
                            "force_destroy": "false",
                            "hosted_zone_id": "Z1BKCTXD74EZPE",
                            "id": "style-kit.web.bas.ac.uk",
                            "lifecycle_rule.#": "0",
                            "logging.#": "0",
                            "policy": "{\"Id\":\"Policy1442850416137\",\"Statement\":[{\"Action\":\"s3:GetObject\",\"Effect\":\"Allow\",\"Principal\":\"*\",\"Resource\":\"arn:aws:s3:::style-kit.web.bas.ac.uk/*\",\"Sid\":\"AllowPublicAccess\"}],\"Version\":\"2012-10-17\"}",
                            "region": "eu-west-1",
                            "replication_configuration.#": "0",
                            "request_payer": "BucketOwner",
                            "server_side_encryption_configuration.#": "0",
                            "tags.%": "3",
                            "tags.Name": "bas-style-kit-docs-prod",
                            "tags.X-Managed-By": "Terraform",
                            "tags.X-Project": "BAS Style Kit Docs",
                            "versioning.#": "1",
                            "versioning.0.enabled": "false",
                            "versioning.0.mfa_delete": "false",
                            "website.#": "1",
                            "website.0.error_document": "404.html",
                            "website.0.index_document": "index.html",
                            "website.0.redirect_all_requests_to": "",
                            "website.0.routing_rules": "",
                            "website_domain": "s3-website-eu-west-1.amazonaws.com",
                            "website_endpoint": "style-kit.web.bas.ac.uk.s3-website-eu-west-1.amazonaws.com"
                        },
                        "meta": {},
                        "tainted": false
                    },
                    "deposed": [],
                    "provider": "provider.aws"
                },
                "aws_s3_bucket.bas-style-kit-docs-staging": {
                    "type": "aws_s3_bucket",
                    "depends_on": [],
                    "primary": {
                        "id": "style-kit-testing.web.bas.ac.uk",
                        "attributes": {
                            "acceleration_status": "",
                            "acl": "public-read",
                            "arn": "arn:aws:s3:::style-kit-testing.web.bas.ac.uk",
                            "bucket": "style-kit-testing.web.bas.ac.uk",
                            "bucket_domain_name": "style-kit-testing.web.bas.ac.uk.s3.amazonaws.com",
                            "bucket_regional_domain_name": "style-kit-testing.web.bas.ac.uk.s3.eu-west-1.amazonaws.com",
                            "cors_rule.#": "0",
                            "force_destroy": "false",
                            "hosted_zone_id": "Z1BKCTXD74EZPE",
                            "id": "style-kit-testing.web.bas.ac.uk",
                            "lifecycle_rule.#": "0",
                            "logging.#": "0",
                            "policy": "{\"Id\":\"Policy1442850416137\",\"Statement\":[{\"Action\":\"s3:GetObject\",\"Effect\":\"Allow\",\"Principal\":\"*\",\"Resource\":\"arn:aws:s3:::style-kit-testing.web.bas.ac.uk/*\",\"Sid\":\"AllowPublicAccess\"}],\"Version\":\"2012-10-17\"}",
                            "region": "eu-west-1",
                            "replication_configuration.#": "0",
                            "request_payer": "BucketOwner",
                            "server_side_encryption_configuration.#": "0",
                            "tags.%": "3",
                            "tags.Name": "bas-style-kit-docs-stage",
                            "tags.X-Managed-By": "Terraform",
                            "tags.X-Project": "BAS Style Kit Docs",
                            "versioning.#": "1",
                            "versioning.0.enabled": "false",
                            "versioning.0.mfa_delete": "false",
                            "website.#": "1",
                            "website.0.error_document": "404.html",
                            "website.0.index_document": "index.html",
                            "website.0.redirect_all_requests_to": "",
                            "website.0.routing_rules": "",
                            "website_domain": "s3-website-eu-west-1.amazonaws.com",
                            "website_endpoint": "style-kit-testing.web.bas.ac.uk.s3-website-eu-west-1.amazonaws.com"
                        },
                        "meta": {},
                        "tainted": false
                    },
                    "deposed": [],
                    "provider": "provider.aws"
                },
                "data.terraform_remote_state.BAS-AWS": {
                    "type": "terraform_remote_state",
                    "depends_on": [],
                    "primary": {
                        "id": "2018-09-26 07:23:39.6981472 +0000 UTC",
                        "attributes": {
                            "BAS-AWS-ACM-CERT-STAR-DATA-BAS-AC-UK-ARN": "arn:aws:acm:us-east-1:178449599525:certificate/7fa67190-0be8-4ad0-97bb-c34d39771dcd",
                            "BAS-AWS-ACM-CERT-STAR-WEB-BAS-AC-UK-ARN": "arn:aws:acm:us-east-1:178449599525:certificate/a4d13097-11fc-4ad8-b127-6c0d7e3b2bf2",
                            "BAS-AWS-AMI-CENTOS-7-ID": "ami-3b261642",
                            "BAS-AWS-DNS-HEALTH-CHECK-BAS-ICT-HAPROXY-ID": "b8b04d6c-2802-438a-a42f-fe28ae185e72",
                            "BAS-AWS-External-Subdomain-ID": "Z2YY7RDDY4FO21",
                            "BAS-AWS-IAM-ROLE-SSM-STS-ACCESS-ARN": "BAS-SSM-STS-Access",
                            "BAS-AWS-Internal-Subdomain-ID": "Z3P4RWR6GMJKIA",
                            "BAS-AWS-KEY-PAIR-CORE-PROVISIONING-IDENTITY-KEY-NAME": "bas-aws-core-provisioning-identity",
                            "BAS-AWS-SRV-Subdomain-ID": "Z1X1ZVENJYP9FJ",
                            "BAS-AWS-USER-DATA-TEST-USER-CONTENTS": "#cloud-config\n\n# * This configuration is used to avoid the need for a single, shared, trusted identity.\n# * It is NOT intended to replace system or application level provisioning, which should be done using more suitable\n#   tools such as Ansible, Puppet, Salt, etc.\n\n# This user data is compatible with the following providers:\n# * AWS EC2\n# * DigitalOcean\n\n# Source: http://cloudinit.readthedocs.io/en/latest/topics/examples.html for details and syntax\n\n# Note: This user-data file is used for testing purposes only.\n\npackage_upgrade: true\n\nusers:\n  - \n    name: test\n    gecos: Test User\n    groups:\n      - adm\n    sudo: ALL=(ALL) NOPASSWD:ALL\n    ssh-authorized-keys:\n      - \"ssh-rsa AAAAB3NzaC1yc2EAAAADAQABAAACAQC068OeQvpt0kPd+r4JxpIkvfseNFynUlYCbph6WYm13kzS9LuWPTfCbCqPUO4i4IE/hOQbNOlcSZDE1VOrLWoVrJUMNdT5n08y1lSa3ufdthth/DKV5ZGYKy1A7eqC/KfqOmdHRBzW0b306KXOlG++UwyosqyxHdcjHNW28VlRX+FT895mLWOReSlFwwDv/JJIBgYnG5X24wQHTWMUYoooHdCPl2iZISpmZQdWaeOQRgNWC5ZgN1pHsmqws4gC58DPrQtuo4LQhaQqooGQuP5c+FX4jWMw/9AaLNuPv5mP1Nppi9o7h7eTpuISd0J79pr+9GdZaqQgOrXfHs6IQPPJOqDSjf42m0koY3IheTKeqAA2oFX4tztTG/pv4KjAduB4zCm72kBCxafcU5g5S20hk7ltI/8/zIbUJL4jddIxPui47wQS2Z+fUPn6kgnOxvcvjsvdi8VXtm+vHfxncaPnBsZogECg43V+K62UT6WKcsoX5gMDTZROFWw9Yd4pa50se8bGoHZGFBLz3rA8y1lfeW+fBoq9RGePga2y/8XChNsiAS/s25Gu484VgIGHZBudQcJkOmrKRL8ks09bNKb2X3uCa0gNlVoECqjUD7+5aBuNkk++CwhbIVsdiWAdWwsteRS7saZATc9C3TpNvC8bQpClHaiHWSzQSzxJu42lCQ== bas-aws-test-provisioning-identity\"\n",
                            "BAS-AWS-USER-DATA-WEB-APPLICATIONS-CONTENTS": "#cloud-config\n\n# * This configuration is used to avoid the need for a single, shared, trusted identity.\n# * It is NOT intended to replace system or application level provisioning, which should be done using more suitable\n#   tools such as Ansible, Puppet, Salt, etc.\n\n# This user data is compatible with the following providers:\n# * AWS EC2\n# * DigitalOcean\n\n# Source: http://cloudinit.readthedocs.io/en/latest/topics/examples.html for details and syntax\n\npackage_upgrade: true\n\nusers:\n  - \n    name: felnne\n    gecos: Felix Fennell\n    groups:\n      - adm\n    sudo: ALL=(ALL) NOPASSWD:ALL\n    shell: /bin/bash\n    ssh-authorized-keys:\n      - \"ssh-rsa AAAAB3NzaC1yc2EAAAADAQABAAABAQC79p7v8mJ0xamEx/ELzuRoVEjhKGGuR9/FvAORfO0rjgYfrihSUVhJkzZNwpzTnRvFzP6O+VIn33D2+sjpmizx2fX34lfm63yOsPVc+THHNWtijm5fNkw3+kBDexKIfxY574LX4jU3mTwFYejPT5j9ozV++tMmQ6OpqfYiWK8ZHAoi2N37n+J5a3VTu6OHodxFK1HDCsqNh6v7JxiUI++d0o5WnyoNlaIjk3RZc2oFeGXVjoNT36hKotto2YJluGQLXxe4DaY9myWkjOsBLrFQCCd4zI0qMAoP6w8p9s0nBnmIxxF09FNDTs/RXlLBn69xamPEP78Wgs4S9G2p946x felnne@bas.ac.uk\"\n  -\n    name: ludona\n    gecos: Luke McDonald\n    groups:\n      - adm\n    sudo: ALL=(ALL) NOPASSWD:ALL\n    shell: /bin/bash\n    ssh-authorized-keys:\n      - \"ssh-rsa AAAAB3NzaC1yc2EAAAADAQABAAACAQDxpGDSk7/5C++GUDmj09AOqRUqK0ze7/H7MyYqfGS+9BeVDNRZjNOUv5+1NTaUoDZCsiLgCbG4QmYeBtZyAfeJp95UgqyH1Ww62ANSAkZgvXFjekx4MpsFsA5nHyFanNB2hTVvlnU4smcnnPnl06iBKe6bd2HR4xLqFxYZol23zIHO3FwBQCjMinVRZVwHg7QfZk3wcJl/+9sMIwXOVLrihCbKRLqJD51QtecyUn72KlHrpi/sprBLAcXLzutkzUIqvLYMctzNUJxmv5qs3VtEG2FDHSmXYGAehNA8BLGNtOh39ReX1y68prrBxUsLJZzpTzX3IK/ORETZlhwAzZAhTXP/CUBxzvG8b7M8kixWar/K8NbaTDra3TSVvpmO+iuT8dk+3FB9eoTmPUfE+kWayKFnotusKZLMURIZ6YL9EzkXFR8uTzHHMAjATVG92NBdmsrzht0p7XuvYw5SG7UMwKpfqGsOzez6AuHMP0edkNk9KCEirPS7tJD1OnbmLrcI2OwSVXdiUXHluBiDHh5P3UV7JeCvW3UBRtKkG0VtWlsYa5bv8oSDewwI2dkbbHpca/FuCzJ2/I0sFoOITz7nh8J7agoFgDR8L61x0a3ljLoqsJeRnIscncnl2z078ION3XNnWp5WFO5jfbdX4DcEGsmyG4QA0IKGAaG9cVzjrQ== ludona@bas.ac.uk\"\n  -\n    name: jpro\n    gecos: Jeremy Robst\n    groups:\n      - adm\n    sudo: ALL=(ALL) NOPASSWD:ALL\n    shell: /bin/bash\n    ssh-authorized-keys:\n      - \"ssh-rsa AAAAB3NzaC1yc2EAAAADAQABAAABAQC/QEm6ubwJ3xVgXUI0pnwJZmbQEFFxWKSe9tCOcmfHlIuy5eeXpDtHew4XJr6+xB7/5OAIOmbL6OVnfdr3QFnrjFMtkToS2LUGcZQtnwiIit1FdR9K/DT8e6ura7/gfZxEwCihsm62icIyr0YITgoq2MhaT/hTlNrwJWAXt62i8BjefaOUOnvQtludzRb1g+eI+OBtSu3q2BG+dKNGrRrjQL6Hj/1+5By2hgLTHnywLyEhpKfO6o2/RIbPkjpiQo8FQY0UE0nhARc6Em3ARJ8WTRGUdwAMlo7cRQhCfkgYHIFFE8fT2G6Uvhi+OrmHw6zuDSSHfnEO8Eq+tpULAJ3j jpro@jpro\"\n  -\n    name: deploy\n    gecos: BAS Web Applications Deployment User\n    shell: /bin/bash\n    ssh-authorized-keys:\n      - \"ssh-rsa AAAAB3NzaC1yc2EAAAADAQABAAACAQC+0ymOng5e39V/TGdMcmL+Blyn+TWo+QSIjZTaSvRIh4do1VrXFiotxcefBio6fOQD9DBQcdKW+Z3EMyJzyoz90z48adCbZpPCt/boU6hRe2716qXGWVezbdJDPD4obk1nnJSjsxKm3rdW5HAH3cVEmilHqCUXXgdkYo/IYt3XfNgUVyUqEhZHfJITk+cwEQS3uFHbDgPT9MRoSlVB3an6i7HBRjMncrGtcv6pkqUJQ4xsS/rsl9C12aGhQD5C/7w6f32WAZ7op/YODdyhIShZEbFcQsuJBLru8fU7P2RrLP8XuvXhUIlUtUeCVGmYur7TmoqxrwG6AxOFglPLIapYXwtpkyHGuGge1onF5wGCBLPJScu1k6CsDSJ5Kwy8h0VV5lS0FIbXeUc3MvXZ2OxOqiiiwqEC+/TNABnrvpc0BlEB0af72h9D6k3VWokbn6WEUQwM4v75XDhqZRw/d+FJFWngvcAaqA8O8SEb23atAHz+BjbyCwPdPeu4LXICpquansoFLReM/9jV8t/J9GpYRMmfhfwtd1MfqnWg9zKCPvbAVxTvvjV6fgdDTPtZU5yobZgYUYSIr8d31r7qA6hldau0Z1eN+IOtec8kvNv52CSYzjV6h/7rHPrHXLr63ZWjGzg55ZTv2GQHytygpoK00BYuoaixgSqkS+VtpZFGaw== bas-webapps-deployment-identity\"\n",
                            "BAS-AWS-VARIABLE-AWS-ACCOUNT-NUMBER": "178449599525",
                            "BAS-AWS-VARIABLE-AWS-PRIMARY-REGION-NAME": "eu-west-1",
                            "BAS-AWS-VARIABLE-BAS-GENERAL-LB-CNAME": "haproxy0.nerc-bas.ac.uk",
                            "BAS-AWS-VPC-2-External-Subnet-ID": "subnet-7683d62f",
                            "BAS-AWS-VPC-2-ID": "vpc-17183b72",
                            "BAS-AWS-VPC-2-SG-All-Egress-ID": "sg-a1156ec5",
                            "BAS-AWS-VPC-2-SG-DEV-WEB-BAS-ID": "sg-18edb37c",
                            "BAS-AWS-VPC-2-SG-HTTP-World-ID": "sg-ceff9da9",
                            "BAS-AWS-VPC-2-SG-HTTPS-World-ID": "sg-cfff9da8",
                            "BAS-AWS-VPC-2-SG-POSTGRESQL-BAS-ID": "sg-d9189aa3",
                            "BAS-AWS-VPC-2-SG-Ping-ID": "sg-37037853",
                            "BAS-AWS-VPC-2-SG-SSH-BAS-ID": "sg-75710a11",
                            "BAS-AWS-VPC-2-SG-SSH-BAS-VPC-2-ID": "sg-b57308d1",
                            "backend": "s3",
                            "config.%": "3",
                            "config.bucket": "bas-terraform-remote-state-prod",
                            "config.key": "v2/BAS-AWS/terraform.tfstate",
                            "config.region": "eu-west-1",
                            "environment": "default",
                            "id": "2018-09-26 07:23:39.6981472 +0000 UTC",
                            "workspace": "default"
                        },
                        "meta": {},
                        "tainted": false
                    },
                    "deposed": [],
                    "provider": "provider.terraform"
                },
                "data.terraform_remote_state.BAS-CORE-DOMAINS": {
                    "type": "terraform_remote_state",
                    "depends_on": [],
                    "primary": {
                        "id": "2018-09-26 07:23:39.547417 +0000 UTC",
                        "attributes": {
                            "API-BAS-AC-UK-ID": "Z27W3RE21Q7ZCI",
                            "DATA-BAS-AC-UK-ID": "ZZRU423MFD4IG",
                            "WEB-BAS-AC-UK-ID": "Z2BOR4SSEPWC39",
                            "backend": "s3",
                            "config.%": "3",
                            "config.bucket": "bas-terraform-remote-state-prod",
                            "config.key": "v2/BAS-CORE-DOMAINS/terraform.tfstate",
                            "config.region": "eu-west-1",
                            "environment": "default",
                            "id": "2018-09-26 07:23:39.547417 +0000 UTC",
                            "workspace": "default"
                        },
                        "meta": {},
                        "tainted": false
                    },
                    "deposed": [],
                    "provider": "provider.terraform"
                }
            },
            "depends_on": []
        }
    ]
}
