{
    "version": 3,
    "terraform_version": "0.8.8",
    "serial": 5,
    "lineage": "b7e53879-7de3-4aa9-8132-3b02d8d2ac1d",
    "modules": [
        {
            "path": [
                "root"
            ],
            "outputs": {},
            "resources": {
                "aws_cloudfront_distribution.bas-style-kit-docs-prod": {
                    "type": "aws_cloudfront_distribution",
                    "depends_on": [
                        "aws_s3_bucket.bas-style-kit-docs-prod"
                    ],
                    "primary": {
                        "id": "E27ORDG0IWOWQ3",
                        "attributes": {
                            "active_trusted_signers.%": "2",
                            "active_trusted_signers.enabled": "false",
                            "active_trusted_signers.items.#": "0",
                            "aliases.#": "1",
                            "aliases.532376500": "style-kit.web.bas.ac.uk",
                            "arn": "arn:aws:cloudfront::178449599525:distribution/E27ORDG0IWOWQ3",
                            "cache_behavior.#": "0",
                            "caller_reference": "2017-03-08T21:07:18.940610826Z",
                            "comment": "BAS Style Kit Docs (Production)",
                            "custom_error_response.#": "0",
                            "default_cache_behavior.#": "1",
                            "default_cache_behavior.1676465650.allowed_methods.#": "3",
                            "default_cache_behavior.1676465650.allowed_methods.0": "HEAD",
                            "default_cache_behavior.1676465650.allowed_methods.1": "GET",
                            "default_cache_behavior.1676465650.allowed_methods.2": "OPTIONS",
                            "default_cache_behavior.1676465650.cached_methods.#": "2",
                            "default_cache_behavior.1676465650.cached_methods.0": "HEAD",
                            "default_cache_behavior.1676465650.cached_methods.1": "GET",
                            "default_cache_behavior.1676465650.compress": "true",
                            "default_cache_behavior.1676465650.default_ttl": "86400",
                            "default_cache_behavior.1676465650.forwarded_values.#": "1",
                            "default_cache_behavior.1676465650.forwarded_values.563318458.cookies.#": "1",
                            "default_cache_behavior.1676465650.forwarded_values.563318458.cookies.2625240281.forward": "none",
                            "default_cache_behavior.1676465650.forwarded_values.563318458.cookies.2625240281.whitelisted_names.#": "0",
                            "default_cache_behavior.1676465650.forwarded_values.563318458.headers.#": "1",
                            "default_cache_behavior.1676465650.forwarded_values.563318458.headers.0": "Origin",
                            "default_cache_behavior.1676465650.forwarded_values.563318458.query_string": "false",
                            "default_cache_behavior.1676465650.forwarded_values.563318458.query_string_cache_keys.#": "0",
                            "default_cache_behavior.1676465650.lambda_function_association.#": "0",
                            "default_cache_behavior.1676465650.max_ttl": "31536000",
                            "default_cache_behavior.1676465650.min_ttl": "0",
                            "default_cache_behavior.1676465650.smooth_streaming": "false",
                            "default_cache_behavior.1676465650.target_origin_id": "S3-bas-style-kit-docs-prod",
                            "default_cache_behavior.1676465650.trusted_signers.#": "0",
                            "default_cache_behavior.1676465650.viewer_protocol_policy": "redirect-to-https",
                            "default_root_object": "index.html",
                            "domain_name": "d3o2flf5vys0sq.cloudfront.net",
                            "enabled": "true",
                            "etag": "E1LX1TKOLHJO63",
                            "hosted_zone_id": "Z2FDTNDATAQYW2",
                            "http_version": "http2",
                            "id": "E27ORDG0IWOWQ3",
                            "in_progress_validation_batches": "0",
                            "is_ipv6_enabled": "false",
                            "last_modified_time": "2017-10-18 15:06:46.288 +0000 UTC",
                            "logging_config.#": "0",
                            "origin.#": "1",
                            "origin.3461653304.custom_header.#": "0",
                            "origin.3461653304.custom_origin_config.#": "1",
                            "origin.3461653304.custom_origin_config.3243842337.http_port": "80",
                            "origin.3461653304.custom_origin_config.3243842337.https_port": "443",
                            "origin.3461653304.custom_origin_config.3243842337.origin_protocol_policy": "http-only",
                            "origin.3461653304.custom_origin_config.3243842337.origin_ssl_protocols.#": "1",
                            "origin.3461653304.custom_origin_config.3243842337.origin_ssl_protocols.0": "TLSv1.2",
                            "origin.3461653304.domain_name": "bas-style-kit-docs-prod.s3-website-eu-west-1.amazonaws.com",
                            "origin.3461653304.origin_id": "S3-bas-style-kit-docs-prod",
                            "origin.3461653304.origin_path": "",
                            "origin.3461653304.s3_origin_config.#": "0",
                            "price_class": "PriceClass_100",
                            "restrictions.#": "1",
                            "restrictions.1097372288.geo_restriction.#": "1",
                            "restrictions.1097372288.geo_restriction.2625240281.locations.#": "0",
                            "restrictions.1097372288.geo_restriction.2625240281.restriction_type": "none",
                            "retain_on_delete": "false",
                            "status": "InProgress",
                            "tags.%": "0",
                            "viewer_certificate.#": "1",
                            "viewer_certificate.3636959927.acm_certificate_arn": "",
                            "viewer_certificate.3636959927.cloudfront_default_certificate": "false",
                            "viewer_certificate.3636959927.iam_certificate_id": "ASCAI2DP6HFRKYD4DUWFU",
                            "viewer_certificate.3636959927.minimum_protocol_version": "TLSv1.1_2016",
                            "viewer_certificate.3636959927.ssl_support_method": "sni-only",
                            "web_acl_id": ""
                        },
                        "meta": {},
                        "tainted": false
                    },
                    "deposed": [],
                    "provider": ""
                },
                "aws_cloudfront_distribution.bas-style-kit-docs-stage": {
                    "type": "aws_cloudfront_distribution",
                    "depends_on": [
                        "aws_s3_bucket.bas-style-kit-docs-stage"
                    ],
                    "primary": {
                        "id": "E2JNTG6W4CBNXG",
                        "attributes": {
                            "active_trusted_signers.%": "2",
                            "active_trusted_signers.enabled": "false",
                            "active_trusted_signers.items.#": "0",
                            "aliases.#": "1",
                            "aliases.3624321699": "style-kit-testing.web.bas.ac.uk",
                            "arn": "arn:aws:cloudfront::178449599525:distribution/E2JNTG6W4CBNXG",
                            "cache_behavior.#": "0",
                            "caller_reference": "2017-03-08T21:07:18.095202358Z",
                            "comment": "BAS Style Kit Docs (Staging)",
                            "custom_error_response.#": "0",
                            "default_cache_behavior.#": "1",
                            "default_cache_behavior.377876958.allowed_methods.#": "3",
                            "default_cache_behavior.377876958.allowed_methods.0": "HEAD",
                            "default_cache_behavior.377876958.allowed_methods.1": "GET",
                            "default_cache_behavior.377876958.allowed_methods.2": "OPTIONS",
                            "default_cache_behavior.377876958.cached_methods.#": "2",
                            "default_cache_behavior.377876958.cached_methods.0": "HEAD",
                            "default_cache_behavior.377876958.cached_methods.1": "GET",
                            "default_cache_behavior.377876958.compress": "true",
                            "default_cache_behavior.377876958.default_ttl": "86400",
                            "default_cache_behavior.377876958.forwarded_values.#": "1",
                            "default_cache_behavior.377876958.forwarded_values.563318458.cookies.#": "1",
                            "default_cache_behavior.377876958.forwarded_values.563318458.cookies.2625240281.forward": "none",
                            "default_cache_behavior.377876958.forwarded_values.563318458.cookies.2625240281.whitelisted_names.#": "0",
                            "default_cache_behavior.377876958.forwarded_values.563318458.headers.#": "1",
                            "default_cache_behavior.377876958.forwarded_values.563318458.headers.0": "Origin",
                            "default_cache_behavior.377876958.forwarded_values.563318458.query_string": "false",
                            "default_cache_behavior.377876958.forwarded_values.563318458.query_string_cache_keys.#": "0",
                            "default_cache_behavior.377876958.lambda_function_association.#": "0",
                            "default_cache_behavior.377876958.max_ttl": "31536000",
                            "default_cache_behavior.377876958.min_ttl": "0",
                            "default_cache_behavior.377876958.smooth_streaming": "false",
                            "default_cache_behavior.377876958.target_origin_id": "S3-bas-style-kit-docs-stage",
                            "default_cache_behavior.377876958.trusted_signers.#": "0",
                            "default_cache_behavior.377876958.viewer_protocol_policy": "redirect-to-https",
                            "default_root_object": "index.html",
                            "domain_name": "d2ho1uzei57reh.cloudfront.net",
                            "enabled": "true",
                            "etag": "E308ILSN7CG92O",
                            "hosted_zone_id": "Z2FDTNDATAQYW2",
                            "http_version": "http2",
                            "id": "E2JNTG6W4CBNXG",
                            "in_progress_validation_batches": "0",
                            "is_ipv6_enabled": "false",
                            "last_modified_time": "2017-10-18 15:06:46.275 +0000 UTC",
                            "logging_config.#": "0",
                            "origin.#": "1",
                            "origin.2629398209.custom_header.#": "0",
                            "origin.2629398209.custom_origin_config.#": "1",
                            "origin.2629398209.custom_origin_config.3243842337.http_port": "80",
                            "origin.2629398209.custom_origin_config.3243842337.https_port": "443",
                            "origin.2629398209.custom_origin_config.3243842337.origin_protocol_policy": "http-only",
                            "origin.2629398209.custom_origin_config.3243842337.origin_ssl_protocols.#": "1",
                            "origin.2629398209.custom_origin_config.3243842337.origin_ssl_protocols.0": "TLSv1.2",
                            "origin.2629398209.domain_name": "bas-style-kit-docs-stage.s3-website-eu-west-1.amazonaws.com",
                            "origin.2629398209.origin_id": "S3-bas-style-kit-docs-stage",
                            "origin.2629398209.origin_path": "",
                            "origin.2629398209.s3_origin_config.#": "0",
                            "price_class": "PriceClass_100",
                            "restrictions.#": "1",
                            "restrictions.1097372288.geo_restriction.#": "1",
                            "restrictions.1097372288.geo_restriction.2625240281.locations.#": "0",
                            "restrictions.1097372288.geo_restriction.2625240281.restriction_type": "none",
                            "retain_on_delete": "false",
                            "status": "InProgress",
                            "tags.%": "0",
                            "viewer_certificate.#": "1",
                            "viewer_certificate.3636959927.acm_certificate_arn": "",
                            "viewer_certificate.3636959927.cloudfront_default_certificate": "false",
                            "viewer_certificate.3636959927.iam_certificate_id": "ASCAI2DP6HFRKYD4DUWFU",
                            "viewer_certificate.3636959927.minimum_protocol_version": "TLSv1.1_2016",
                            "viewer_certificate.3636959927.ssl_support_method": "sni-only",
                            "web_acl_id": ""
                        },
                        "meta": {},
                        "tainted": false
                    },
                    "deposed": [],
                    "provider": ""
                },
                "aws_iam_user.bas-gitlab-deploy-bas-style-kit-docs": {
                    "type": "aws_iam_user",
                    "depends_on": [],
                    "primary": {
                        "id": "bas-gitlab-deploy-bas-style-kit-docs",
                        "attributes": {
                            "arn": "arn:aws:iam::178449599525:user/bas-gitlab-deploy-bas-style-kit-docs",
                            "force_destroy": "false",
                            "id": "bas-gitlab-deploy-bas-style-kit-docs",
                            "name": "bas-gitlab-deploy-bas-style-kit-docs",
                            "path": "/",
                            "unique_id": "AIDAIQAUSHAKNRV74RJBG"
                        },
                        "meta": {},
                        "tainted": false
                    },
                    "deposed": [],
                    "provider": ""
                },
                "aws_iam_user_policy.deploy-website-bas-style-kit-docs-prod": {
                    "type": "aws_iam_user_policy",
                    "depends_on": [
                        "aws_iam_user.bas-gitlab-deploy-bas-style-kit-docs"
                    ],
                    "primary": {
                        "id": "bas-gitlab-deploy-bas-style-kit-docs:deploy-website-prod",
                        "attributes": {
                            "id": "bas-gitlab-deploy-bas-style-kit-docs:deploy-website-prod",
                            "name": "deploy-website-prod",
                            "policy": "{\n    \"Version\": \"2012-10-17\",\n    \"Statement\": [\n        {\n            \"Sid\": \"Stmt1476620811000\",\n            \"Effect\": \"Allow\",\n            \"Action\": [\n                \"s3:DeleteObject\",\n                \"s3:GetObject\",\n                \"s3:GetObjectAcl\",\n                \"s3:ListBucket\",\n                \"s3:PutObject\",\n                \"s3:PutObjectAcl\"\n            ],\n            \"Resource\": [\n                \"arn:aws:s3:::bas-style-kit-docs-prod\",\n                \"arn:aws:s3:::bas-style-kit-docs-prod/*\"\n            ]\n        }\n    ]\n}\n",
                            "user": "bas-gitlab-deploy-bas-style-kit-docs"
                        },
                        "meta": {},
                        "tainted": false
                    },
                    "deposed": [],
                    "provider": ""
                },
                "aws_iam_user_policy.deploy-website-bas-style-kit-docs-stage": {
                    "type": "aws_iam_user_policy",
                    "depends_on": [
                        "aws_iam_user.bas-gitlab-deploy-bas-style-kit-docs"
                    ],
                    "primary": {
                        "id": "bas-gitlab-deploy-bas-style-kit-docs:deploy-website-stage",
                        "attributes": {
                            "id": "bas-gitlab-deploy-bas-style-kit-docs:deploy-website-stage",
                            "name": "deploy-website-stage",
                            "policy": "{\n    \"Version\": \"2012-10-17\",\n    \"Statement\": [\n        {\n            \"Sid\": \"Stmt1476620811000\",\n            \"Effect\": \"Allow\",\n            \"Action\": [\n                \"s3:DeleteObject\",\n                \"s3:GetObject\",\n                \"s3:GetObjectAcl\",\n                \"s3:ListBucket\",\n                \"s3:PutObject\",\n                \"s3:PutObjectAcl\"\n            ],\n            \"Resource\": [\n                \"arn:aws:s3:::bas-style-kit-docs-stage\",\n                \"arn:aws:s3:::bas-style-kit-docs-stage/*\"\n            ]\n        }\n    ]\n}\n",
                            "user": "bas-gitlab-deploy-bas-style-kit-docs"
                        },
                        "meta": {},
                        "tainted": false
                    },
                    "deposed": [],
                    "provider": ""
                },
                "aws_iam_user_policy.upload-snapshot-bas-style-kit-docs-stage": {
                    "type": "aws_iam_user_policy",
                    "depends_on": [
                        "aws_iam_user.bas-gitlab-deploy-bas-style-kit-docs"
                    ],
                    "primary": {
                        "id": "bas-gitlab-deploy-bas-style-kit-docs:upload-snapshot",
                        "attributes": {
                            "id": "bas-gitlab-deploy-bas-style-kit-docs:upload-snapshot",
                            "name": "upload-snapshot",
                            "policy": "{\n    \"Version\": \"2012-10-17\",\n    \"Statement\": [\n        {\n            \"Sid\": \"UploadServiceArtefacts\",\n            \"Effect\": \"Allow\",\n            \"Action\": [\n                \"s3:PutObject\"\n            ],\n            \"Resource\": [\n                \"arn:aws:s3:::bas-package-service-prod/zips/apps/*\"\n            ]\n        }\n    ]\n}\n",
                            "user": "bas-gitlab-deploy-bas-style-kit-docs"
                        },
                        "meta": {},
                        "tainted": false
                    },
                    "deposed": [],
                    "provider": ""
                },
                "aws_route53_record.bas-style-kit-docs-prod": {
                    "type": "aws_route53_record",
                    "depends_on": [
                        "aws_cloudfront_distribution.bas-style-kit-docs-prod",
                        "data.terraform_remote_state.BAS-CORE-DOMAINS"
                    ],
                    "primary": {
                        "id": "Z2BOR4SSEPWC39_style-kit_CNAME",
                        "attributes": {
                            "fqdn": "style-kit.web.bas.ac.uk",
                            "health_check_id": "",
                            "id": "Z2BOR4SSEPWC39_style-kit_CNAME",
                            "name": "style-kit",
                            "records.#": "1",
                            "records.2859466599": "d3o2flf5vys0sq.cloudfront.net",
                            "set_identifier": "",
                            "ttl": "300",
                            "type": "CNAME",
                            "zone_id": "Z2BOR4SSEPWC39"
                        },
                        "meta": {
                            "schema_version": "2"
                        },
                        "tainted": false
                    },
                    "deposed": [],
                    "provider": ""
                },
                "aws_route53_record.bas-style-kit-docs-stage": {
                    "type": "aws_route53_record",
                    "depends_on": [
                        "aws_cloudfront_distribution.bas-style-kit-docs-stage",
                        "data.terraform_remote_state.BAS-CORE-DOMAINS"
                    ],
                    "primary": {
                        "id": "Z2BOR4SSEPWC39_style-kit-testing_CNAME",
                        "attributes": {
                            "fqdn": "style-kit-testing.web.bas.ac.uk",
                            "health_check_id": "",
                            "id": "Z2BOR4SSEPWC39_style-kit-testing_CNAME",
                            "name": "style-kit-testing",
                            "records.#": "1",
                            "records.2636114581": "d2ho1uzei57reh.cloudfront.net",
                            "set_identifier": "",
                            "ttl": "300",
                            "type": "CNAME",
                            "zone_id": "Z2BOR4SSEPWC39"
                        },
                        "meta": {
                            "schema_version": "2"
                        },
                        "tainted": false
                    },
                    "deposed": [],
                    "provider": ""
                },
                "aws_s3_bucket.bas-style-kit-docs-prod": {
                    "type": "aws_s3_bucket",
                    "depends_on": [],
                    "primary": {
                        "id": "bas-style-kit-docs-prod",
                        "attributes": {
                            "acceleration_status": "",
                            "acl": "public-read",
                            "arn": "arn:aws:s3:::bas-style-kit-docs-prod",
                            "bucket": "bas-style-kit-docs-prod",
                            "bucket_domain_name": "bas-style-kit-docs-prod.s3.amazonaws.com",
                            "force_destroy": "false",
                            "hosted_zone_id": "Z1BKCTXD74EZPE",
                            "id": "bas-style-kit-docs-prod",
                            "policy": "{\"Id\":\"Policy1442850416137\",\"Statement\":[{\"Action\":\"s3:GetObject\",\"Effect\":\"Allow\",\"Principal\":\"*\",\"Resource\":\"arn:aws:s3:::bas-style-kit-docs-prod/*\",\"Sid\":\"AllowPublicAccess\"}],\"Version\":\"2012-10-17\"}",
                            "region": "eu-west-1",
                            "request_payer": "BucketOwner",
                            "tags.%": "3",
                            "tags.Name": "bas-style-kit-docs-stage",
                            "tags.X-Managed-By": "Terraform",
                            "tags.X-Project": "BAS Style Kit Docs",
                            "versioning.#": "1",
                            "versioning.0.enabled": "false",
                            "versioning.0.mfa_delete": "false",
                            "website.#": "1",
                            "website.0.error_document": "error.html",
                            "website.0.index_document": "index.html",
                            "website.0.redirect_all_requests_to": "",
                            "website.0.routing_rules": "",
                            "website_domain": "s3-website-eu-west-1.amazonaws.com",
                            "website_endpoint": "bas-style-kit-docs-prod.s3-website-eu-west-1.amazonaws.com"
                        },
                        "meta": {},
                        "tainted": false
                    },
                    "deposed": [],
                    "provider": ""
                },
                "aws_s3_bucket.bas-style-kit-docs-stage": {
                    "type": "aws_s3_bucket",
                    "depends_on": [],
                    "primary": {
                        "id": "bas-style-kit-docs-stage",
                        "attributes": {
                            "acceleration_status": "",
                            "acl": "public-read",
                            "arn": "arn:aws:s3:::bas-style-kit-docs-stage",
                            "bucket": "bas-style-kit-docs-stage",
                            "bucket_domain_name": "bas-style-kit-docs-stage.s3.amazonaws.com",
                            "force_destroy": "false",
                            "hosted_zone_id": "Z1BKCTXD74EZPE",
                            "id": "bas-style-kit-docs-stage",
                            "policy": "{\"Id\":\"Policy1442850416137\",\"Statement\":[{\"Action\":\"s3:GetObject\",\"Effect\":\"Allow\",\"Principal\":\"*\",\"Resource\":\"arn:aws:s3:::bas-style-kit-docs-stage/*\",\"Sid\":\"AllowPublicAccess\"}],\"Version\":\"2012-10-17\"}",
                            "region": "eu-west-1",
                            "request_payer": "BucketOwner",
                            "tags.%": "3",
                            "tags.Name": "bas-style-kit-docs-stage",
                            "tags.X-Managed-By": "Terraform",
                            "tags.X-Project": "BAS Style Kit Docs",
                            "versioning.#": "1",
                            "versioning.0.enabled": "false",
                            "versioning.0.mfa_delete": "false",
                            "website.#": "1",
                            "website.0.error_document": "error.html",
                            "website.0.index_document": "index.html",
                            "website.0.redirect_all_requests_to": "",
                            "website.0.routing_rules": "",
                            "website_domain": "s3-website-eu-west-1.amazonaws.com",
                            "website_endpoint": "bas-style-kit-docs-stage.s3-website-eu-west-1.amazonaws.com"
                        },
                        "meta": {},
                        "tainted": false
                    },
                    "deposed": [],
                    "provider": ""
                },
                "data.terraform_remote_state.BAS-AWS": {
                    "type": "terraform_remote_state",
                    "depends_on": [],
                    "primary": {
                        "id": "2017-10-18 15:06:40.132502132 +0000 UTC",
                        "attributes": {
                            "BAS-AWS-CERT-STAR-DATA-BAS-AC-UK-ID": "ASCAIWBKIO5EMNUNPE7MY",
                            "BAS-AWS-CERT-STAR-WEB-BAS-AC-UK-ID": "ASCAJVJBEG7NZIOEL3674",
                            "BAS-AWS-External-Subdomain-ID": "Z2YY7RDDY4FO21",
                            "BAS-AWS-Internal-Subdomain-ID": "Z3P4RWR6GMJKIA",
                            "BAS-AWS-KEY-PAIR-CORE-PROVISIONING-IDENTITY-KEY-NAME": "bas-aws-core-provisioning-identity",
                            "BAS-AWS-SRV-Subdomain-ID": "Z1X1ZVENJYP9FJ",
                            "BAS-AWS-VARIABLE-AWS-ACCOUNT-NUMBER": "178449599525",
                            "BAS-AWS-VARIABLE-AWS-PRIMARY-REGION-NAME": "eu-west-1",
                            "BAS-AWS-VPC-2-External-Subnet-ID": "subnet-7683d62f",
                            "BAS-AWS-VPC-2-ID": "vpc-17183b72",
                            "BAS-AWS-VPC-2-Internal-Subnet-ID": "subnet-261bde7e",
                            "BAS-AWS-VPC-2-SG-All-Egress-ID": "sg-a1156ec5",
                            "BAS-AWS-VPC-2-SG-DEV-WEB-BAS-ID": "sg-18edb37c",
                            "BAS-AWS-VPC-2-SG-HTTP-World-ID": "sg-ceff9da9",
                            "BAS-AWS-VPC-2-SG-HTTPS-World-ID": "sg-cfff9da8",
                            "BAS-AWS-VPC-2-SG-Ping-ID": "sg-37037853",
                            "BAS-AWS-VPC-2-SG-SSH-BAS-ID": "sg-75710a11",
                            "BAS-AWS-VPC-2-SG-SSH-BAS-VPC-2-ID": "sg-b57308d1",
                            "backend": "s3",
                            "config.%": "3",
                            "config.bucket": "bas-terraform-remote-state-prod",
                            "config.key": "v1/BAS-AWS/terraform.tfstate",
                            "config.region": "eu-west-1",
                            "id": "2017-10-18 15:06:40.132502132 +0000 UTC"
                        },
                        "meta": {},
                        "tainted": false
                    },
                    "deposed": [],
                    "provider": ""
                },
                "data.terraform_remote_state.BAS-CORE-DOMAINS": {
                    "type": "terraform_remote_state",
                    "depends_on": [],
                    "primary": {
                        "id": "2017-10-18 15:06:40.082319059 +0000 UTC",
                        "attributes": {
                            "DATA-BAS-AC-UK-ID": "ZZRU423MFD4IG",
                            "WEB-BAS-AC-UK-ID": "Z2BOR4SSEPWC39",
                            "backend": "s3",
                            "config.%": "3",
                            "config.bucket": "bas-terraform-remote-state-prod",
                            "config.key": "v1/BAS-CORE-DOMAINS/terraform.tfstate",
                            "config.region": "eu-west-1",
                            "id": "2017-10-18 15:06:40.082319059 +0000 UTC"
                        },
                        "meta": {},
                        "tainted": false
                    },
                    "deposed": [],
                    "provider": ""
                }
            },
            "depends_on": []
        }
    ]
}
